
Microsoft Visual Studio Solution File, Format Version 12.00
# Visual Studio Version 16
VisualStudioVersion = 16.0.31501.217
MinimumVisualStudioVersion = 10.0.40219.1
Project("{FAE04EC0-301F-11D3-BF4B-00C04F79EFBC}") = "Trivia.Tests", "Trivia.Tests\Trivia.Tests.csproj", "{1F23834D-A90B-421B-A588-3F49E5F575BF}"
EndProject
Project("{FAE04EC0-301F-11D3-BF4B-00C04F79EFBC}") = "TriviaApp", "TriviaApp\TriviaApp.csproj", "{0FA86062-1ACD-4C96-839A-485F7A9921AD}"
EndProject
Global
	GlobalSection(SolutionConfigurationPlatforms) = preSolution
		Debug|Any CPU = Debug|Any CPU
		Debug|x86 = Debug|x86
		Release|Any CPU = Release|Any CPU
		Release|x86 = Release|x86
	EndGlobalSection
	GlobalSection(ProjectConfigurationPlatforms) = postSolution
		{1F23834D-A90B-421B-A588-3F49E5F575BF}.Debug|Any CPU.ActiveCfg = Debug|Any CPU
		{1F23834D-A90B-421B-A588-3F49E5F575BF}.Debug|Any CPU.Build.0 = Debug|Any CPU
		{1F23834D-A90B-421B-A588-3F49E5F575BF}.Debug|x86.ActiveCfg = Debug|Any CPU
		{1F23834D-A90B-421B-A588-3F49E5F575BF}.Debug|x86.Build.0 = Debug|Any CPU
		{1F23834D-A90B-421B-A588-3F49E5F575BF}.Release|Any CPU.ActiveCfg = Release|Any CPU
		{1F23834D-A90B-421B-A588-3F49E5F575BF}.Release|Any CPU.Build.0 = Release|Any CPU
		{1F23834D-A90B-421B-A588-3F49E5F575BF}.Release|x86.ActiveCfg = Release|Any CPU
		{1F23834D-A90B-421B-A588-3F49E5F575BF}.Release|x86.Build.0 = Release|Any CPU
		{0FA86062-1ACD-4C96-839A-485F7A9921AD}.Debug|Any CPU.ActiveCfg = Debug|Any CPU
		{0FA86062-1ACD-4C96-839A-485F7A9921AD}.Debug|Any CPU.Build.0 = Debug|Any CPU
		{0FA86062-1ACD-4C96-839A-485F7A9921AD}.Debug|x86.ActiveCfg = Debug|Any CPU
		{0FA86062-1ACD-4C96-839A-485F7A9921AD}.Debug|x86.Build.0 = Debug|Any CPU
		{0FA86062-1ACD-4C96-839A-485F7A9921AD}.Release|Any CPU.ActiveCfg = Release|Any CPU
		{0FA86062-1ACD-4C96-839A-485F7A9921AD}.Release|Any CPU.Build.0 = Release|Any CPU
		{0FA86062-1ACD-4C96-839A-485F7A9921AD}.Release|x86.ActiveCfg = Release|Any CPU
		{0FA86062-1ACD-4C96-839A-485F7A9921AD}.Release|x86.Build.0 = Release|Any CPU
	EndGlobalSection
	GlobalSection(SolutionProperties) = preSolution
		HideSolutionNode = FALSE
	EndGlobalSection
	GlobalSection(ExtensibilityGlobals) = postSolution
		SolutionGuid = {2596530B-ABA8-40B9-909D-2D081FD2D4E7}
	EndGlobalSection
EndGlobal
